
Microsoft Visual Studio Solution File, Format Version 12.00
# Visual Studio Version 17
VisualStudioVersion = 17.9.34714.143
MinimumVisualStudioVersion = 10.0.40219.1
Project("{2150E333-8FDC-42A3-9474-1A3956D46DE8}") = "Core", "Core", "{085BD8ED-54CD-419F-B8D0-F9A023E9A1DD}"
EndProject
Project("{2150E333-8FDC-42A3-9474-1A3956D46DE8}") = "Infrastructure", "Infrastructure", "{8834A726-2065-4BE7-A114-15583D6976A9}"
EndProject
Project("{9A19103F-16F7-4668-BE54-9A1E7A4F7556}") = "Entities", "Entities\Entities.csproj", "{B9FB73D3-7C2E-42D7-8B32-71A67907F82E}"
EndProject
Project("{9A19103F-16F7-4668-BE54-9A1E7A4F7556}") = "Repository", "Repository\Repository.csproj", "{1F014EAF-302D-4BD9-9CAF-B4F05BA764F9}"
EndProject
Project("{9A19103F-16F7-4668-BE54-9A1E7A4F7556}") = "Shared", "Shared\Shared.csproj", "{E47C1BE0-F455-43AA-A85C-8DDC6319EBCA}"
EndProject
Project("{2150E333-8FDC-42A3-9474-1A3956D46DE8}") = "Domain", "Domain", "{D02033B2-4D83-4B4B-9FE6-0DBF5971C606}"
EndProject
Project("{2150E333-8FDC-42A3-9474-1A3956D46DE8}") = "Application", "Application", "{2D9F0910-37AA-4175-B77B-E56228F73A2E}"
EndProject
Project("{2150E333-8FDC-42A3-9474-1A3956D46DE8}") = "Presentation", "Presentation", "{D9E88E56-9C65-46B7-B16E-F410985F6EF0}"
EndProject
Project("{9A19103F-16F7-4668-BE54-9A1E7A4F7556}") = "WebAPI", "WebAPI\WebAPI.csproj", "{D4A5867E-8660-4979-BAFD-2A9C24219865}"
EndProject
Project("{9A19103F-16F7-4668-BE54-9A1E7A4F7556}") = "Repository.Contracts", "Repository.Contracts\Repository.Contracts.csproj", "{249CEFE2-A2F4-4E2C-958A-147F67E245BD}"
EndProject
Project("{9A19103F-16F7-4668-BE54-9A1E7A4F7556}") = "Service.Contracts", "Service.Contracts\Service.Contracts.csproj", "{97502C90-FC5A-4BBE-A82B-A274ECD64FAD}"
EndProject
Project("{9A19103F-16F7-4668-BE54-9A1E7A4F7556}") = "Service", "Service\Service.csproj", "{677F6FE0-880E-451E-BA9E-82586CD513E7}"
EndProject
Project("{9A19103F-16F7-4668-BE54-9A1E7A4F7556}") = "Controller", "Controller\Controller.csproj", "{1FA176CB-601E-4077-99EF-7D55CAF0CD26}"
EndProject
Global
	GlobalSection(SolutionConfigurationPlatforms) = preSolution
		Debug|Any CPU = Debug|Any CPU
		Release|Any CPU = Release|Any CPU
	EndGlobalSection
	GlobalSection(ProjectConfigurationPlatforms) = postSolution
		{B9FB73D3-7C2E-42D7-8B32-71A67907F82E}.Debug|Any CPU.ActiveCfg = Debug|Any CPU
		{B9FB73D3-7C2E-42D7-8B32-71A67907F82E}.Debug|Any CPU.Build.0 = Debug|Any CPU
		{B9FB73D3-7C2E-42D7-8B32-71A67907F82E}.Release|Any CPU.ActiveCfg = Release|Any CPU
		{B9FB73D3-7C2E-42D7-8B32-71A67907F82E}.Release|Any CPU.Build.0 = Release|Any CPU
		{1F014EAF-302D-4BD9-9CAF-B4F05BA764F9}.Debug|Any CPU.ActiveCfg = Debug|Any CPU
		{1F014EAF-302D-4BD9-9CAF-B4F05BA764F9}.Debug|Any CPU.Build.0 = Debug|Any CPU
		{1F014EAF-302D-4BD9-9CAF-B4F05BA764F9}.Release|Any CPU.ActiveCfg = Release|Any CPU
		{1F014EAF-302D-4BD9-9CAF-B4F05BA764F9}.Release|Any CPU.Build.0 = Release|Any CPU
		{E47C1BE0-F455-43AA-A85C-8DDC6319EBCA}.Debug|Any CPU.ActiveCfg = Debug|Any CPU
		{E47C1BE0-F455-43AA-A85C-8DDC6319EBCA}.Debug|Any CPU.Build.0 = Debug|Any CPU
		{E47C1BE0-F455-43AA-A85C-8DDC6319EBCA}.Release|Any CPU.ActiveCfg = Release|Any CPU
		{E47C1BE0-F455-43AA-A85C-8DDC6319EBCA}.Release|Any CPU.Build.0 = Release|Any CPU
		{D4A5867E-8660-4979-BAFD-2A9C24219865}.Debug|Any CPU.ActiveCfg = Debug|Any CPU
		{D4A5867E-8660-4979-BAFD-2A9C24219865}.Debug|Any CPU.Build.0 = Debug|Any CPU
		{D4A5867E-8660-4979-BAFD-2A9C24219865}.Release|Any CPU.ActiveCfg = Release|Any CPU
		{D4A5867E-8660-4979-BAFD-2A9C24219865}.Release|Any CPU.Build.0 = Release|Any CPU
		{249CEFE2-A2F4-4E2C-958A-147F67E245BD}.Debug|Any CPU.ActiveCfg = Debug|Any CPU
		{249CEFE2-A2F4-4E2C-958A-147F67E245BD}.Debug|Any CPU.Build.0 = Debug|Any CPU
		{249CEFE2-A2F4-4E2C-958A-147F67E245BD}.Release|Any CPU.ActiveCfg = Release|Any CPU
		{249CEFE2-A2F4-4E2C-958A-147F67E245BD}.Release|Any CPU.Build.0 = Release|Any CPU
		{97502C90-FC5A-4BBE-A82B-A274ECD64FAD}.Debug|Any CPU.ActiveCfg = Debug|Any CPU
		{97502C90-FC5A-4BBE-A82B-A274ECD64FAD}.Debug|Any CPU.Build.0 = Debug|Any CPU
		{97502C90-FC5A-4BBE-A82B-A274ECD64FAD}.Release|Any CPU.ActiveCfg = Release|Any CPU
		{97502C90-FC5A-4BBE-A82B-A274ECD64FAD}.Release|Any CPU.Build.0 = Release|Any CPU
		{677F6FE0-880E-451E-BA9E-82586CD513E7}.Debug|Any CPU.ActiveCfg = Debug|Any CPU
		{677F6FE0-880E-451E-BA9E-82586CD513E7}.Debug|Any CPU.Build.0 = Debug|Any CPU
		{677F6FE0-880E-451E-BA9E-82586CD513E7}.Release|Any CPU.ActiveCfg = Release|Any CPU
		{677F6FE0-880E-451E-BA9E-82586CD513E7}.Release|Any CPU.Build.0 = Release|Any CPU
		{1FA176CB-601E-4077-99EF-7D55CAF0CD26}.Debug|Any CPU.ActiveCfg = Debug|Any CPU
		{1FA176CB-601E-4077-99EF-7D55CAF0CD26}.Debug|Any CPU.Build.0 = Debug|Any CPU
		{1FA176CB-601E-4077-99EF-7D55CAF0CD26}.Release|Any CPU.ActiveCfg = Release|Any CPU
		{1FA176CB-601E-4077-99EF-7D55CAF0CD26}.Release|Any CPU.Build.0 = Release|Any CPU
	EndGlobalSection
	GlobalSection(SolutionProperties) = preSolution
		HideSolutionNode = FALSE
	EndGlobalSection
	GlobalSection(NestedProjects) = preSolution
		{B9FB73D3-7C2E-42D7-8B32-71A67907F82E} = {D02033B2-4D83-4B4B-9FE6-0DBF5971C606}
		{1F014EAF-302D-4BD9-9CAF-B4F05BA764F9} = {8834A726-2065-4BE7-A114-15583D6976A9}
		{E47C1BE0-F455-43AA-A85C-8DDC6319EBCA} = {D02033B2-4D83-4B4B-9FE6-0DBF5971C606}
		{D02033B2-4D83-4B4B-9FE6-0DBF5971C606} = {085BD8ED-54CD-419F-B8D0-F9A023E9A1DD}
		{2D9F0910-37AA-4175-B77B-E56228F73A2E} = {085BD8ED-54CD-419F-B8D0-F9A023E9A1DD}
		{D4A5867E-8660-4979-BAFD-2A9C24219865} = {D9E88E56-9C65-46B7-B16E-F410985F6EF0}
		{249CEFE2-A2F4-4E2C-958A-147F67E245BD} = {2D9F0910-37AA-4175-B77B-E56228F73A2E}
		{97502C90-FC5A-4BBE-A82B-A274ECD64FAD} = {2D9F0910-37AA-4175-B77B-E56228F73A2E}
		{677F6FE0-880E-451E-BA9E-82586CD513E7} = {8834A726-2065-4BE7-A114-15583D6976A9}
		{1FA176CB-601E-4077-99EF-7D55CAF0CD26} = {D9E88E56-9C65-46B7-B16E-F410985F6EF0}
	EndGlobalSection
	GlobalSection(ExtensibilityGlobals) = postSolution
		SolutionGuid = {5164D364-46DB-42F3-8819-26C2BF749A26}
	EndGlobalSection
EndGlobal
